
Microsoft Visual Studio Solution File, Format Version 12.00
# Visual Studio Version 17
VisualStudioVersion = 17.2.32616.157
MinimumVisualStudioVersion = 10.0.40219.1
Project("{FAE04EC0-301F-11D3-BF4B-00C04F79EFBC}") = "Avancell_HungryTeam", "Avancell_HungryTeam.csproj", "{FB0F3DC3-F45B-46E3-99E5-5150172B9DB1}"
EndProject
Global
	GlobalSection(SolutionConfigurationPlatforms) = preSolution
		Debug|Any CPU = Debug|Any CPU
		Release|Any CPU = Release|Any CPU
	EndGlobalSection
	GlobalSection(ProjectConfigurationPlatforms) = postSolution
		{FB0F3DC3-F45B-46E3-99E5-5150172B9DB1}.Debug|Any CPU.ActiveCfg = Debug|Any CPU
		{FB0F3DC3-F45B-46E3-99E5-5150172B9DB1}.Debug|Any CPU.Build.0 = Debug|Any CPU
		{FB0F3DC3-F45B-46E3-99E5-5150172B9DB1}.Release|Any CPU.ActiveCfg = Release|Any CPU
		{FB0F3DC3-F45B-46E3-99E5-5150172B9DB1}.Release|Any CPU.Build.0 = Release|Any CPU
	EndGlobalSection
	GlobalSection(SolutionProperties) = preSolution
		HideSolutionNode = FALSE
	EndGlobalSection
	GlobalSection(ExtensibilityGlobals) = postSolution
		SolutionGuid = {3FD92727-1C10-4258-85B9-E5A7B9CCC594}
	EndGlobalSection
EndGlobal
